
Microsoft Visual Studio Solution File, Format Version 12.00
# Visual Studio Version 17
VisualStudioVersion = 17.5.002.0
MinimumVisualStudioVersion = 10.0.40219.1
Project("{9A19103F-16F7-4668-BE54-9A1E7A4F7556}") = "BepInEmbed", "BepInEmbed.csproj", "{A1565200-A0A0-474A-9879-69A5499A080A}"
EndProject
Global
	GlobalSection(SolutionConfigurationPlatforms) = preSolution
		Debug|Any CPU = Debug|Any CPU
		Release|Any CPU = Release|Any CPU
	EndGlobalSection
	GlobalSection(ProjectConfigurationPlatforms) = postSolution
		{A1565200-A0A0-474A-9879-69A5499A080A}.Debug|Any CPU.ActiveCfg = Debug|Any CPU
		{A1565200-A0A0-474A-9879-69A5499A080A}.Debug|Any CPU.Build.0 = Debug|Any CPU
		{A1565200-A0A0-474A-9879-69A5499A080A}.Release|Any CPU.ActiveCfg = Release|Any CPU
		{A1565200-A0A0-474A-9879-69A5499A080A}.Release|Any CPU.Build.0 = Release|Any CPU
	EndGlobalSection
	GlobalSection(SolutionProperties) = preSolution
		HideSolutionNode = FALSE
	EndGlobalSection
	GlobalSection(ExtensibilityGlobals) = postSolution
		SolutionGuid = {EB25B96A-2411-462E-94D2-033EE01B7A76}
	EndGlobalSection
EndGlobal
